// !$*UTF8*$!
{
	archiveVersion = 1;
	classes = {
	};
	objectVersion = 77;
	objects = {

/* Begin PBXContainerItemProxy section */
		FA1D56F32D1665020012B9A4 /* PBXContainerItemProxy */ = {
			isa = PBXContainerItemProxy;
			containerPortal = FA1D56DA2D1664EE0012B9A4 /* Project object */;
			proxyType = 1;
			remoteGlobalIDString = FA1D56E12D1664EE0012B9A4;
			remoteInfo = VitalTracker;
		};
		FA1D56FD2D1665020012B9A4 /* PBXContainerItemProxy */ = {
			isa = PBXContainerItemProxy;
			containerPortal = FA1D56DA2D1664EE0012B9A4 /* Project object */;
			proxyType = 1;
			remoteGlobalIDString = FA1D56E12D1664EE0012B9A4;
			remoteInfo = VitalTracker;
		};
/* End PBXContainerItemProxy section */

/* Begin PBXFileReference section */
		FA1D56E22D1664EE0012B9A4 /* VitalTracker.app */ = {isa = PBXFileReference; explicitFileType = wrapper.application; includeInIndex = 0; path = VitalTracker.app; sourceTree = BUILT_PRODUCTS_DIR; };
		FA1D56F22D1665020012B9A4 /* VitalTrackerTests.xctest */ = {isa = PBXFileReference; explicitFileType = wrapper.cfbundle; includeInIndex = 0; path = VitalTrackerTests.xctest; sourceTree = BUILT_PRODUCTS_DIR; };
		FA1D56FC2D1665020012B9A4 /* VitalTrackerUITests.xctest */ = {isa = PBXFileReference; explicitFileType = wrapper.cfbundle; includeInIndex = 0; path = VitalTrackerUITests.xctest; sourceTree = BUILT_PRODUCTS_DIR; };
/* End PBXFileReference section */

/* Begin PBXFileSystemSynchronizedBuildFileExceptionSet section */
		FA88290A2D17B01B0066139A /* Exceptions for "VitalTracker" folder in "VitalTracker" target */ = {
			isa = PBXFileSystemSynchronizedBuildFileExceptionSet;
			membershipExceptions = (
				Info.plist,
			);
			target = FA1D56E12D1664EE0012B9A4 /* VitalTracker */;
		};
/* End PBXFileSystemSynchronizedBuildFileExceptionSet section */

/* Begin PBXFileSystemSynchronizedRootGroup section */
		FA1D56E42D1664EE0012B9A4 /* VitalTracker */ = {
			isa = PBXFileSystemSynchronizedRootGroup;
			exceptions = (
				FA88290A2D17B01B0066139A /* Exceptions for "VitalTracker" folder in "VitalTracker" target */,
			);
			path = VitalTracker;
			sourceTree = "<group>";
		};
		FA1D56F52D1665020012B9A4 /* VitalTrackerTests */ = {
			isa = PBXFileSystemSynchronizedRootGroup;
			path = VitalTrackerTests;
			sourceTree = "<group>";
		};
		FA1D56FF2D1665020012B9A4 /* VitalTrackerUITests */ = {
			isa = PBXFileSystemSynchronizedRootGroup;
			path = VitalTrackerUITests;
			sourceTree = "<group>";
		};
/* End PBXFileSystemSynchronizedRootGroup section */

/* Begin PBXFrameworksBuildPhase section */
		FA1D56DF2D1664EE0012B9A4 /* Frameworks */ = {
			isa = PBXFrameworksBuildPhase;
			buildActionMask = 2147483647;
			files = (
			);
			runOnlyForDeploymentPostprocessing = 0;
		};
		FA1D56EF2D1665020012B9A4 /* Frameworks */ = {
			isa = PBXFrameworksBuildPhase;
			buildActionMask = 2147483647;
			files = (
			);
			runOnlyForDeploymentPostprocessing = 0;
		};
		FA1D56F92D1665020012B9A4 /* Frameworks */ = {
			isa = PBXFrameworksBuildPhase;
			buildActionMask = 2147483647;
			files = (
			);
			runOnlyForDeploymentPostprocessing = 0;
		};
/* End PBXFrameworksBuildPhase section */

/* Begin PBXGroup section */
		FA1D56D92D1664EE0012B9A4 = {
			isa = PBXGroup;
			children = (
				FA1D56E42D1664EE0012B9A4 /* VitalTracker */,
				FA1D56F52D1665020012B9A4 /* VitalTrackerTests */,
				FA1D56FF2D1665020012B9A4 /* VitalTrackerUITests */,
				FA1D56E32D1664EE0012B9A4 /* Products */,
			);
			sourceTree = "<group>";
		};
		FA1D56E32D1664EE0012B9A4 /* Products */ = {
			isa = PBXGroup;
			children = (
				FA1D56E22D1664EE0012B9A4 /* VitalTracker.app */,
				FA1D56F22D1665020012B9A4 /* VitalTrackerTests.xctest */,
				FA1D56FC2D1665020012B9A4 /* VitalTrackerUITests.xctest */,
			);
			name = Products;
			sourceTree = "<group>";
		};
/* End PBXGroup section */

/* Begin PBXNativeTarget section */
		FA1D56E12D1664EE0012B9A4 /* VitalTracker */ = {
			isa = PBXNativeTarget;
			buildConfigurationList = FA1D57062D1665020012B9A4 /* Build configuration list for PBXNativeTarget "VitalTracker" */;
			buildPhases = (
				FA1D56DE2D1664EE0012B9A4 /* Sources */,
				FA1D56DF2D1664EE0012B9A4 /* Frameworks */,
				FA1D56E02D1664EE0012B9A4 /* Resources */,
			);
			buildRules = (
			);
			dependencies = (
			);
			fileSystemSynchronizedGroups = (
				FA1D56E42D1664EE0012B9A4 /* VitalTracker */,
			);
			name = VitalTracker;
			packageProductDependencies = (
			);
			productName = VitalTracker;
			productReference = FA1D56E22D1664EE0012B9A4 /* VitalTracker.app */;
			productType = "com.apple.product-type.application";
		};
		FA1D56F12D1665020012B9A4 /* VitalTrackerTests */ = {
			isa = PBXNativeTarget;
			buildConfigurationList = FA1D57092D1665020012B9A4 /* Build configuration list for PBXNativeTarget "VitalTrackerTests" */;
			buildPhases = (
				FA1D56EE2D1665020012B9A4 /* Sources */,
				FA1D56EF2D1665020012B9A4 /* Frameworks */,
				FA1D56F02D1665020012B9A4 /* Resources */,
			);
			buildRules = (
			);
			dependencies = (
				FA1D56F42D1665020012B9A4 /* PBXTargetDependency */,
			);
			fileSystemSynchronizedGroups = (
				FA1D56F52D1665020012B9A4 /* VitalTrackerTests */,
			);
			name = VitalTrackerTests;
			packageProductDependencies = (
			);
			productName = VitalTrackerTests;
			productReference = FA1D56F22D1665020012B9A4 /* VitalTrackerTests.xctest */;
			productType = "com.apple.product-type.bundle.unit-test";
		};
		FA1D56FB2D1665020012B9A4 /* VitalTrackerUITests */ = {
			isa = PBXNativeTarget;
			buildConfigurationList = FA1D570C2D1665020012B9A4 /* Build configuration list for PBXNativeTarget "VitalTrackerUITests" */;
			buildPhases = (
				FA1D56F82D1665020012B9A4 /* Sources */,
				FA1D56F92D1665020012B9A4 /* Frameworks */,
				FA1D56FA2D1665020012B9A4 /* Resources */,
			);
			buildRules = (
			);
			dependencies = (
				FA1D56FE2D1665020012B9A4 /* PBXTargetDependency */,
			);
			fileSystemSynchronizedGroups = (
				FA1D56FF2D1665020012B9A4 /* VitalTrackerUITests */,
			);
			name = VitalTrackerUITests;
			packageProductDependencies = (
			);
			productName = VitalTrackerUITests;
			productReference = FA1D56FC2D1665020012B9A4 /* VitalTrackerUITests.xctest */;
			productType = "com.apple.product-type.bundle.ui-testing";
		};
/* End PBXNativeTarget section */

/* Begin PBXProject section */
		FA1D56DA2D1664EE0012B9A4 /* Project object */ = {
			isa = PBXProject;
			attributes = {
				BuildIndependentTargetsInParallel = 1;
				LastSwiftUpdateCheck = 1620;
				LastUpgradeCheck = 1620;
				TargetAttributes = {
					FA1D56E12D1664EE0012B9A4 = {
						CreatedOnToolsVersion = 16.2;
					};
					FA1D56F12D1665020012B9A4 = {
						CreatedOnToolsVersion = 16.2;
						TestTargetID = FA1D56E12D1664EE0012B9A4;
					};
					FA1D56FB2D1665020012B9A4 = {
						CreatedOnToolsVersion = 16.2;
						TestTargetID = FA1D56E12D1664EE0012B9A4;
					};
				};
			};
			buildConfigurationList = FA1D56DD2D1664EE0012B9A4 /* Build configuration list for PBXProject "VitalTracker" */;
			developmentRegion = en;
			hasScannedForEncodings = 0;
			knownRegions = (
				en,
				Base,
			);
			mainGroup = FA1D56D92D1664EE0012B9A4;
			minimizedProjectReferenceProxies = 1;
			preferredProjectObjectVersion = 77;
			productRefGroup = FA1D56E32D1664EE0012B9A4 /* Products */;
			projectDirPath = "";
			projectRoot = "";
			targets = (
				FA1D56E12D1664EE0012B9A4 /* VitalTracker */,
				FA1D56F12D1665020012B9A4 /* VitalTrackerTests */,
				FA1D56FB2D1665020012B9A4 /* VitalTrackerUITests */,
			);
		};
/* End PBXProject section */

/* Begin PBXResourcesBuildPhase section */
		FA1D56E02D1664EE0012B9A4 /* Resources */ = {
			isa = PBXResourcesBuildPhase;
			buildActionMask = 2147483647;
			files = (
			);
			runOnlyForDeploymentPostprocessing = 0;
		};
		FA1D56F02D1665020012B9A4 /* Resources */ = {
			isa = PBXResourcesBuildPhase;
			buildActionMask = 2147483647;
			files = (
			);
			runOnlyForDeploymentPostprocessing = 0;
		};
		FA1D56FA2D1665020012B9A4 /* Resources */ = {
			isa = PBXResourcesBuildPhase;
			buildActionMask = 2147483647;
			files = (
			);
			runOnlyForDeploymentPostprocessing = 0;
		};
/* End PBXResourcesBuildPhase section */

/* Begin PBXSourcesBuildPhase section */
		FA1D56DE2D1664EE0012B9A4 /* Sources */ = {
			isa = PBXSourcesBuildPhase;
			buildActionMask = 2147483647;
			files = (
			);
			runOnlyForDeploymentPostprocessing = 0;
		};
		FA1D56EE2D1665020012B9A4 /* Sources */ = {
			isa = PBXSourcesBuildPhase;
			buildActionMask = 2147483647;
			files = (
			);
			runOnlyForDeploymentPostprocessing = 0;
		};
		FA1D56F82D1665020012B9A4 /* Sources */ = {
			isa = PBXSourcesBuildPhase;
			buildActionMask = 2147483647;
			files = (
			);
			runOnlyForDeploymentPostprocessing = 0;
		};
/* End PBXSourcesBuildPhase section */

/* Begin PBXTargetDependency section */
		FA1D56F42D1665020012B9A4 /* PBXTargetDependency */ = {
			isa = PBXTargetDependency;
			target = FA1D56E12D1664EE0012B9A4 /* VitalTracker */;
			targetProxy = FA1D56F32D1665020012B9A4 /* PBXContainerItemProxy */;
		};
		FA1D56FE2D1665020012B9A4 /* PBXTargetDependency */ = {
			isa = PBXTargetDependency;
			target = FA1D56E12D1664EE0012B9A4 /* VitalTracker */;
			targetProxy = FA1D56FD2D1665020012B9A4 /* PBXContainerItemProxy */;
		};
/* End PBXTargetDependency section */

/* Begin XCBuildConfiguration section */
		FA1D57042D1665020012B9A4 /* Debug */ = {
			isa = XCBuildConfiguration;
			buildSettings = {
				ALWAYS_SEARCH_USER_PATHS = NO;
				ASSETCATALOG_COMPILER_GENERATE_SWIFT_ASSET_SYMBOL_EXTENSIONS = YES;
				CLANG_ANALYZER_NONNULL = YES;
				CLANG_ANALYZER_NUMBER_OBJECT_CONVERSION = YES_AGGRESSIVE;
				CLANG_CXX_LANGUAGE_STANDARD = "gnu++20";
				CLANG_ENABLE_MODULES = YES;
				CLANG_ENABLE_OBJC_ARC = YES;
				CLANG_ENABLE_OBJC_WEAK = YES;
				CLANG_WARN_BLOCK_CAPTURE_AUTORELEASING = YES;
				CLANG_WARN_BOOL_CONVERSION = YES;
				CLANG_WARN_COMMA = YES;
				CLANG_WARN_CONSTANT_CONVERSION = YES;
				CLANG_WARN_DEPRECATED_OBJC_IMPLEMENTATIONS = YES;
				CLANG_WARN_DIRECT_OBJC_ISA_USAGE = YES_ERROR;
				CLANG_WARN_DOCUMENTATION_COMMENTS = YES;
				CLANG_WARN_EMPTY_BODY = YES;
				CLANG_WARN_ENUM_CONVERSION = YES;
				CLANG_WARN_INFINITE_RECURSION = YES;
				CLANG_WARN_INT_CONVERSION = YES;
				CLANG_WARN_NON_LITERAL_NULL_CONVERSION = YES;
				CLANG_WARN_OBJC_IMPLICIT_RETAIN_SELF = YES;
				CLANG_WARN_OBJC_LITERAL_CONVERSION = YES;
				CLANG_WARN_OBJC_ROOT_CLASS = YES_ERROR;
				CLANG_WARN_QUOTED_INCLUDE_IN_FRAMEWORK_HEADER = YES;
				CLANG_WARN_RANGE_LOOP_ANALYSIS = YES;
				CLANG_WARN_STRICT_PROTOTYPES = YES;
				CLANG_WARN_SUSPICIOUS_MOVE = YES;
				CLANG_WARN_UNGUARDED_AVAILABILITY = YES_AGGRESSIVE;
				CLANG_WARN_UNREACHABLE_CODE = YES;
				CLANG_WARN__DUPLICATE_METHOD_MATCH = YES;
				COPY_PHASE_STRIP = NO;
				DEBUG_INFORMATION_FORMAT = dwarf;
				ENABLE_STRICT_OBJC_MSGSEND = YES;
				ENABLE_TESTABILITY = YES;
				ENABLE_USER_SCRIPT_SANDBOXING = YES;
				GCC_C_LANGUAGE_STANDARD = gnu17;
				GCC_DYNAMIC_NO_PIC = NO;
				GCC_NO_COMMON_BLOCKS = YES;
				GCC_OPTIMIZATION_LEVEL = 0;
				GCC_PREPROCESSOR_DEFINITIONS = (
					"DEBUG=1",
					"$(inherited)",
				);
				GCC_WARN_64_TO_32_BIT_CONVERSION = YES;
				GCC_WARN_ABOUT_RETURN_TYPE = YES_ERROR;
				GCC_WARN_UNDECLARED_SELECTOR = YES;
				GCC_WARN_UNINITIALIZED_AUTOS = YES_AGGRESSIVE;
				GCC_WARN_UNUSED_FUNCTION = YES;
				GCC_WARN_UNUSED_VARIABLE = YES;
				IPHONEOS_DEPLOYMENT_TARGET = 18.2;
				LOCALIZATION_PREFERS_STRING_CATALOGS = YES;
				MTL_ENABLE_DEBUG_INFO = INCLUDE_SOURCE;
				MTL_FAST_MATH = YES;
				ONLY_ACTIVE_ARCH = YES;
				SDKROOT = iphoneos;
				SWIFT_ACTIVE_COMPILATION_CONDITIONS = "DEBUG $(inherited)";
				SWIFT_OPTIMIZATION_LEVEL = "-Onone";
			};
			name = Debug;
		};
		FA1D57052D1665020012B9A4 /* Release */ = {
			isa = XCBuildConfiguration;
			buildSettings = {
				ALWAYS_SEARCH_USER_PATHS = NO;
				ASSETCATALOG_COMPILER_GENERATE_SWIFT_ASSET_SYMBOL_EXTENSIONS = YES;
				CLANG_ANALYZER_NONNULL = YES;
				CLANG_ANALYZER_NUMBER_OBJECT_CONVERSION = YES_AGGRESSIVE;
				CLANG_CXX_LANGUAGE_STANDARD = "gnu++20";
				CLANG_ENABLE_MODULES = YES;
				CLANG_ENABLE_OBJC_ARC = YES;
				CLANG_ENABLE_OBJC_WEAK = YES;
				CLANG_WARN_BLOCK_CAPTURE_AUTORELEASING = YES;
				CLANG_WARN_BOOL_CONVERSION = YES;
				CLANG_WARN_COMMA = YES;
				CLANG_WARN_CONSTANT_CONVERSION = YES;
				CLANG_WARN_DEPRECATED_OBJC_IMPLEMENTATIONS = YES;
				CLANG_WARN_DIRECT_OBJC_ISA_USAGE = YES_ERROR;
				CLANG_WARN_DOCUMENTATION_COMMENTS = YES;
				CLANG_WARN_EMPTY_BODY = YES;
				CLANG_WARN_ENUM_CONVERSION = YES;
				CLANG_WARN_INFINITE_RECURSION = YES;
				CLANG_WARN_INT_CONVERSION = YES;
				CLANG_WARN_NON_LITERAL_NULL_CONVERSION = YES;
				CLANG_WARN_OBJC_IMPLICIT_RETAIN_SELF = YES;
				CLANG_WARN_OBJC_LITERAL_CONVERSION = YES;
				CLANG_WARN_OBJC_ROOT_CLASS = YES_ERROR;
				CLANG_WARN_QUOTED_INCLUDE_IN_FRAMEWORK_HEADER = YES;
				CLANG_WARN_RANGE_LOOP_ANALYSIS = YES;
				CLANG_WARN_STRICT_PROTOTYPES = YES;
				CLANG_WARN_SUSPICIOUS_MOVE = YES;
				CLANG_WARN_UNGUARDED_AVAILABILITY = YES_AGGRESSIVE;
				CLANG_WARN_UNREACHABLE_CODE = YES;
				CLANG_WARN__DUPLICATE_METHOD_MATCH = YES;
				COPY_PHASE_STRIP = NO;
				DEBUG_INFORMATION_FORMAT = "dwarf-with-dsym";
				ENABLE_NS_ASSERTIONS = NO;
				ENABLE_STRICT_OBJC_MSGSEND = YES;
				ENABLE_USER_SCRIPT_SANDBOXING = YES;
				GCC_C_LANGUAGE_STANDARD = gnu17;
				GCC_NO_COMMON_BLOCKS = YES;
				GCC_WARN_64_TO_32_BIT_CONVERSION = YES;
				GCC_WARN_ABOUT_RETURN_TYPE = YES_ERROR;
				GCC_WARN_UNDECLARED_SELECTOR = YES;
				GCC_WARN_UNINITIALIZED_AUTOS = YES_AGGRESSIVE;
				GCC_WARN_UNUSED_FUNCTION = YES;
				GCC_WARN_UNUSED_VARIABLE = YES;
				IPHONEOS_DEPLOYMENT_TARGET = 18.2;
				LOCALIZATION_PREFERS_STRING_CATALOGS = YES;
				MTL_ENABLE_DEBUG_INFO = NO;
				MTL_FAST_MATH = YES;
				SDKROOT = iphoneos;
				SWIFT_COMPILATION_MODE = wholemodule;
				VALIDATE_PRODUCT = YES;
			};
			name = Release;
		};
		FA1D57072D1665020012B9A4 /* Debug */ = {
			isa = XCBuildConfiguration;
			buildSettings = {
				ASSETCATALOG_COMPILER_APPICON_NAME = AppIcon;
				ASSETCATALOG_COMPILER_GLOBAL_ACCENT_COLOR_NAME = AccentColor;
				CODE_SIGN_ENTITLEMENTS = VitalTracker/VitalTracker.entitlements;
				CODE_SIGN_IDENTITY = "Apple Development";
				CODE_SIGN_STYLE = Automatic;
				CURRENT_PROJECT_VERSION = 1;
				DEVELOPMENT_ASSET_PATHS = "\"VitalTracker/Preview Content\"";
				DEVELOPMENT_TEAM = ZLQQKJHF38;
				ENABLE_PREVIEWS = YES;
				GENERATE_INFOPLIST_FILE = YES;
				INFOPLIST_FILE = VitalTracker/Info.plist;
				INFOPLIST_KEY_CFBundleDisplayName = VitalTracker;
				INFOPLIST_KEY_LSApplicationCategoryType = "public.app-category.healthcare-fitness";
				INFOPLIST_KEY_UIApplicationSceneManifest_Generation = YES;
				INFOPLIST_KEY_UIApplicationSupportsIndirectInputEvents = YES;
				INFOPLIST_KEY_UILaunchScreen_Generation = YES;
				INFOPLIST_KEY_UISupportedInterfaceOrientations_iPad = "UIInterfaceOrientationPortrait UIInterfaceOrientationPortraitUpsideDown UIInterfaceOrientationLandscapeLeft UIInterfaceOrientationLandscapeRight";
				INFOPLIST_KEY_UISupportedInterfaceOrientations_iPhone = "UIInterfaceOrientationPortrait UIInterfaceOrientationLandscapeLeft UIInterfaceOrientationLandscapeRight";
				LD_RUNPATH_SEARCH_PATHS = (
					"$(inherited)",
					"@executable_path/Frameworks",
				);
				MARKETING_VERSION = 1.0;
				PRODUCT_BUNDLE_IDENTIFIER = io.alex.VitalTracker;
				PRODUCT_NAME = "$(TARGET_NAME)";
				PROVISIONING_PROFILE_SPECIFIER = "";
				SWIFT_EMIT_LOC_STRINGS = YES;
				SWIFT_VERSION = 5.0;
				TARGETED_DEVICE_FAMILY = "1,2";
			};
			name = Debug;
		};
		FA1D57082D1665020012B9A4 /* Release */ = {
			isa = XCBuildConfiguration;
			buildSettings = {
				ASSETCATALOG_COMPILER_APPICON_NAME = AppIcon;
				ASSETCATALOG_COMPILER_GLOBAL_ACCENT_COLOR_NAME = AccentColor;
				CODE_SIGN_ENTITLEMENTS = VitalTracker/VitalTracker.entitlements;
				CODE_SIGN_IDENTITY = "Apple Development";
				CODE_SIGN_STYLE = Automatic;
				CURRENT_PROJECT_VERSION = 1;
				DEVELOPMENT_ASSET_PATHS = "\"VitalTracker/Preview Content\"";
				DEVELOPMENT_TEAM = ZLQQKJHF38;
				ENABLE_PREVIEWS = YES;
				GENERATE_INFOPLIST_FILE = YES;
				INFOPLIST_FILE = VitalTracker/Info.plist;
				INFOPLIST_KEY_CFBundleDisplayName = VitalTracker;
				INFOPLIST_KEY_LSApplicationCategoryType = "public.app-category.healthcare-fitness";
				INFOPLIST_KEY_UIApplicationSceneManifest_Generation = YES;
				INFOPLIST_KEY_UIApplicationSupportsIndirectInputEvents = YES;
				INFOPLIST_KEY_UILaunchScreen_Generation = YES;
				INFOPLIST_KEY_UISupportedInterfaceOrientations_iPad = "UIInterfaceOrientationPortrait UIInterfaceOrientationPortraitUpsideDown UIInterfaceOrientationLandscapeLeft UIInterfaceOrientationLandscapeRight";
				INFOPLIST_KEY_UISupportedInterfaceOrientations_iPhone = "UIInterfaceOrientationPortrait UIInterfaceOrientationLandscapeLeft UIInterfaceOrientationLandscapeRight";
				LD_RUNPATH_SEARCH_PATHS = (
					"$(inherited)",
					"@executable_path/Frameworks",
				);
				MARKETING_VERSION = 1.0;
				PRODUCT_BUNDLE_IDENTIFIER = io.alex.VitalTracker;
				PRODUCT_NAME = "$(TARGET_NAME)";
				PROVISIONING_PROFILE_SPECIFIER = "";
				SWIFT_EMIT_LOC_STRINGS = YES;
				SWIFT_VERSION = 5.0;
				TARGETED_DEVICE_FAMILY = "1,2";
			};
			name = Release;
		};
		FA1D570A2D1665020012B9A4 /* Debug */ = {
			isa = XCBuildConfiguration;
			buildSettings = {
				BUNDLE_LOADER = "$(TEST_HOST)";
				CODE_SIGN_STYLE = Automatic;
				CURRENT_PROJECT_VERSION = 1;
				DEVELOPMENT_TEAM = ZLQQKJHF38;
				GENERATE_INFOPLIST_FILE = YES;
				IPHONEOS_DEPLOYMENT_TARGET = 18.2;
				MARKETING_VERSION = 1.0;
				PRODUCT_BUNDLE_IDENTIFIER = io.alex.VitalTrackerTests;
				PRODUCT_NAME = "$(TARGET_NAME)";
				SWIFT_EMIT_LOC_STRINGS = NO;
				SWIFT_VERSION = 5.0;
				TARGETED_DEVICE_FAMILY = "1,2";
				TEST_HOST = "$(BUILT_PRODUCTS_DIR)/VitalTracker.app/$(BUNDLE_EXECUTABLE_FOLDER_PATH)/VitalTracker";
			};
			name = Debug;
		};
		FA1D570B2D1665020012B9A4 /* Release */ = {
			isa = XCBuildConfiguration;
			buildSettings = {
				BUNDLE_LOADER = "$(TEST_HOST)";
				CODE_SIGN_STYLE = Automatic;
				CURRENT_PROJECT_VERSION = 1;
				DEVELOPMENT_TEAM = ZLQQKJHF38;
				GENERATE_INFOPLIST_FILE = YES;
				IPHONEOS_DEPLOYMENT_TARGET = 18.2;
				MARKETING_VERSION = 1.0;
				PRODUCT_BUNDLE_IDENTIFIER = io.alex.VitalTrackerTests;
				PRODUCT_NAME = "$(TARGET_NAME)";
				SWIFT_EMIT_LOC_STRINGS = NO;
				SWIFT_VERSION = 5.0;
				TARGETED_DEVICE_FAMILY = "1,2";
				TEST_HOST = "$(BUILT_PRODUCTS_DIR)/VitalTracker.app/$(BUNDLE_EXECUTABLE_FOLDER_PATH)/VitalTracker";
			};
			name = Release;
		};
		FA1D570D2D1665020012B9A4 /* Debug */ = {
			isa = XCBuildConfiguration;
			buildSettings = {
				CODE_SIGN_STYLE = Automatic;
				CURRENT_PROJECT_VERSION = 1;
				DEVELOPMENT_TEAM = ZLQQKJHF38;
				GENERATE_INFOPLIST_FILE = YES;
				MARKETING_VERSION = 1.0;
				PRODUCT_BUNDLE_IDENTIFIER = io.alex.VitalTrackerUITests;
				PRODUCT_NAME = "$(TARGET_NAME)";
				SWIFT_EMIT_LOC_STRINGS = NO;
				SWIFT_VERSION = 5.0;
				TARGETED_DEVICE_FAMILY = "1,2";
				TEST_TARGET_NAME = VitalTracker;
			};
			name = Debug;
		};
		FA1D570E2D1665020012B9A4 /* Release */ = {
			isa = XCBuildConfiguration;
			buildSettings = {
				CODE_SIGN_STYLE = Automatic;
				CURRENT_PROJECT_VERSION = 1;
				DEVELOPMENT_TEAM = ZLQQKJHF38;
				GENERATE_INFOPLIST_FILE = YES;
				MARKETING_VERSION = 1.0;
				PRODUCT_BUNDLE_IDENTIFIER = io.alex.VitalTrackerUITests;
				PRODUCT_NAME = "$(TARGET_NAME)";
				SWIFT_EMIT_LOC_STRINGS = NO;
				SWIFT_VERSION = 5.0;
				TARGETED_DEVICE_FAMILY = "1,2";
				TEST_TARGET_NAME = VitalTracker;
			};
			name = Release;
		};
/* End XCBuildConfiguration section */

/* Begin XCConfigurationList section */
		FA1D56DD2D1664EE0012B9A4 /* Build configuration list for PBXProject "VitalTracker" */ = {
			isa = XCConfigurationList;
			buildConfigurations = (
				FA1D57042D1665020012B9A4 /* Debug */,
				FA1D57052D1665020012B9A4 /* Release */,
			);
			defaultConfigurationIsVisible = 0;
			defaultConfigurationName = Release;
		};
		FA1D57062D1665020012B9A4 /* Build configuration list for PBXNativeTarget "VitalTracker" */ = {
			isa = XCConfigurationList;
			buildConfigurations = (
				FA1D57072D1665020012B9A4 /* Debug */,
				FA1D57082D1665020012B9A4 /* Release */,
			);
			defaultConfigurationIsVisible = 0;
			defaultConfigurationName = Release;
		};
		FA1D57092D1665020012B9A4 /* Build configuration list for PBXNativeTarget "VitalTrackerTests" */ = {
			isa = XCConfigurationList;
			buildConfigurations = (
				FA1D570A2D1665020012B9A4 /* Debug */,
				FA1D570B2D1665020012B9A4 /* Release */,
			);
			defaultConfigurationIsVisible = 0;
			defaultConfigurationName = Release;
		};
		FA1D570C2D1665020012B9A4 /* Build configuration list for PBXNativeTarget "VitalTrackerUITests" */ = {
			isa = XCConfigurationList;
			buildConfigurations = (
				FA1D570D2D1665020012B9A4 /* Debug */,
				FA1D570E2D1665020012B9A4 /* Release */,
			);
			defaultConfigurationIsVisible = 0;
			defaultConfigurationName = Release;
		};
/* End XCConfigurationList section */
	};
	rootObject = FA1D56DA2D1664EE0012B9A4 /* Project object */;
}
